
Microsoft Visual Studio Solution File, Format Version 12.00
# Visual Studio 15
VisualStudioVersion = 15.0.26124.0
MinimumVisualStudioVersion = 15.0.26124.0
Project("{2150E333-8FDC-42A3-9474-1A3956D46DE8}") = "src", "src", "{45E6FAD0-CFB0-4273-B750-4D3057FFCF4B}"
EndProject
Project("{FAE04EC0-301F-11D3-BF4B-00C04F79EFBC}") = "Vote", "src\Vote\Vote.csproj", "{3AC9A680-B2D7-4911-9026-A7C6F747B2C0}"
EndProject
Project("{2150E333-8FDC-42A3-9474-1A3956D46DE8}") = "test", "test", "{51F12929-9D4F-4182-A48B-6891F8367BFE}"
EndProject
Project("{FAE04EC0-301F-11D3-BF4B-00C04F79EFBC}") = "Vote.Api.IMDb", "src\Vote.Api.IMDb\Vote.Api.IMDb.csproj", "{75E8471A-DD57-4B53-891C-99C522635489}"
EndProject
Project("{FAE04EC0-301F-11D3-BF4B-00C04F79EFBC}") = "Vote.Configuration", "src\Vote.Configuration\Vote.Configuration.csproj", "{AFBE6B45-28CD-4A39-96D2-B3F71FAC559B}"
EndProject
Project("{FAE04EC0-301F-11D3-BF4B-00C04F79EFBC}") = "Vote.VotingSystems", "src\Vote.VotingSystems\Vote.VotingSystems.csproj", "{4BD5882D-2C4D-4740-9354-242487ECBAA1}"
EndProject
Project("{FAE04EC0-301F-11D3-BF4B-00C04F79EFBC}") = "Vote.VotingSystems.Tests", "test\Vote.VotingSystems.Tests\Vote.VotingSystems.Tests.csproj", "{00F96488-7B6D-4B96-9F2D-B93BF0C243D7}"
EndProject
Global
	GlobalSection(SolutionConfigurationPlatforms) = preSolution
		Debug|Any CPU = Debug|Any CPU
		Debug|x64 = Debug|x64
		Debug|x86 = Debug|x86
		Release|Any CPU = Release|Any CPU
		Release|x64 = Release|x64
		Release|x86 = Release|x86
	EndGlobalSection
	GlobalSection(SolutionProperties) = preSolution
		HideSolutionNode = FALSE
	EndGlobalSection
	GlobalSection(ProjectConfigurationPlatforms) = postSolution
		{3AC9A680-B2D7-4911-9026-A7C6F747B2C0}.Debug|Any CPU.ActiveCfg = Debug|Any CPU
		{3AC9A680-B2D7-4911-9026-A7C6F747B2C0}.Debug|Any CPU.Build.0 = Debug|Any CPU
		{3AC9A680-B2D7-4911-9026-A7C6F747B2C0}.Debug|x64.ActiveCfg = Debug|Any CPU
		{3AC9A680-B2D7-4911-9026-A7C6F747B2C0}.Debug|x64.Build.0 = Debug|Any CPU
		{3AC9A680-B2D7-4911-9026-A7C6F747B2C0}.Debug|x86.ActiveCfg = Debug|Any CPU
		{3AC9A680-B2D7-4911-9026-A7C6F747B2C0}.Debug|x86.Build.0 = Debug|Any CPU
		{3AC9A680-B2D7-4911-9026-A7C6F747B2C0}.Release|Any CPU.ActiveCfg = Release|Any CPU
		{3AC9A680-B2D7-4911-9026-A7C6F747B2C0}.Release|Any CPU.Build.0 = Release|Any CPU
		{3AC9A680-B2D7-4911-9026-A7C6F747B2C0}.Release|x64.ActiveCfg = Release|Any CPU
		{3AC9A680-B2D7-4911-9026-A7C6F747B2C0}.Release|x64.Build.0 = Release|Any CPU
		{3AC9A680-B2D7-4911-9026-A7C6F747B2C0}.Release|x86.ActiveCfg = Release|Any CPU
		{3AC9A680-B2D7-4911-9026-A7C6F747B2C0}.Release|x86.Build.0 = Release|Any CPU
		{75E8471A-DD57-4B53-891C-99C522635489}.Debug|Any CPU.ActiveCfg = Debug|Any CPU
		{75E8471A-DD57-4B53-891C-99C522635489}.Debug|Any CPU.Build.0 = Debug|Any CPU
		{75E8471A-DD57-4B53-891C-99C522635489}.Debug|x64.ActiveCfg = Debug|Any CPU
		{75E8471A-DD57-4B53-891C-99C522635489}.Debug|x64.Build.0 = Debug|Any CPU
		{75E8471A-DD57-4B53-891C-99C522635489}.Debug|x86.ActiveCfg = Debug|Any CPU
		{75E8471A-DD57-4B53-891C-99C522635489}.Debug|x86.Build.0 = Debug|Any CPU
		{75E8471A-DD57-4B53-891C-99C522635489}.Release|Any CPU.ActiveCfg = Release|Any CPU
		{75E8471A-DD57-4B53-891C-99C522635489}.Release|Any CPU.Build.0 = Release|Any CPU
		{75E8471A-DD57-4B53-891C-99C522635489}.Release|x64.ActiveCfg = Release|Any CPU
		{75E8471A-DD57-4B53-891C-99C522635489}.Release|x64.Build.0 = Release|Any CPU
		{75E8471A-DD57-4B53-891C-99C522635489}.Release|x86.ActiveCfg = Release|Any CPU
		{75E8471A-DD57-4B53-891C-99C522635489}.Release|x86.Build.0 = Release|Any CPU
		{AFBE6B45-28CD-4A39-96D2-B3F71FAC559B}.Debug|Any CPU.ActiveCfg = Debug|Any CPU
		{AFBE6B45-28CD-4A39-96D2-B3F71FAC559B}.Debug|Any CPU.Build.0 = Debug|Any CPU
		{AFBE6B45-28CD-4A39-96D2-B3F71FAC559B}.Debug|x64.ActiveCfg = Debug|Any CPU
		{AFBE6B45-28CD-4A39-96D2-B3F71FAC559B}.Debug|x64.Build.0 = Debug|Any CPU
		{AFBE6B45-28CD-4A39-96D2-B3F71FAC559B}.Debug|x86.ActiveCfg = Debug|Any CPU
		{AFBE6B45-28CD-4A39-96D2-B3F71FAC559B}.Debug|x86.Build.0 = Debug|Any CPU
		{AFBE6B45-28CD-4A39-96D2-B3F71FAC559B}.Release|Any CPU.ActiveCfg = Release|Any CPU
		{AFBE6B45-28CD-4A39-96D2-B3F71FAC559B}.Release|Any CPU.Build.0 = Release|Any CPU
		{AFBE6B45-28CD-4A39-96D2-B3F71FAC559B}.Release|x64.ActiveCfg = Release|Any CPU
		{AFBE6B45-28CD-4A39-96D2-B3F71FAC559B}.Release|x64.Build.0 = Release|Any CPU
		{AFBE6B45-28CD-4A39-96D2-B3F71FAC559B}.Release|x86.ActiveCfg = Release|Any CPU
		{AFBE6B45-28CD-4A39-96D2-B3F71FAC559B}.Release|x86.Build.0 = Release|Any CPU
		{4BD5882D-2C4D-4740-9354-242487ECBAA1}.Debug|Any CPU.ActiveCfg = Debug|Any CPU
		{4BD5882D-2C4D-4740-9354-242487ECBAA1}.Debug|Any CPU.Build.0 = Debug|Any CPU
		{4BD5882D-2C4D-4740-9354-242487ECBAA1}.Debug|x64.ActiveCfg = Debug|Any CPU
		{4BD5882D-2C4D-4740-9354-242487ECBAA1}.Debug|x64.Build.0 = Debug|Any CPU
		{4BD5882D-2C4D-4740-9354-242487ECBAA1}.Debug|x86.ActiveCfg = Debug|Any CPU
		{4BD5882D-2C4D-4740-9354-242487ECBAA1}.Debug|x86.Build.0 = Debug|Any CPU
		{4BD5882D-2C4D-4740-9354-242487ECBAA1}.Release|Any CPU.ActiveCfg = Release|Any CPU
		{4BD5882D-2C4D-4740-9354-242487ECBAA1}.Release|Any CPU.Build.0 = Release|Any CPU
		{4BD5882D-2C4D-4740-9354-242487ECBAA1}.Release|x64.ActiveCfg = Release|Any CPU
		{4BD5882D-2C4D-4740-9354-242487ECBAA1}.Release|x64.Build.0 = Release|Any CPU
		{4BD5882D-2C4D-4740-9354-242487ECBAA1}.Release|x86.ActiveCfg = Release|Any CPU
		{4BD5882D-2C4D-4740-9354-242487ECBAA1}.Release|x86.Build.0 = Release|Any CPU
		{00F96488-7B6D-4B96-9F2D-B93BF0C243D7}.Debug|Any CPU.ActiveCfg = Debug|Any CPU
		{00F96488-7B6D-4B96-9F2D-B93BF0C243D7}.Debug|Any CPU.Build.0 = Debug|Any CPU
		{00F96488-7B6D-4B96-9F2D-B93BF0C243D7}.Debug|x64.ActiveCfg = Debug|Any CPU
		{00F96488-7B6D-4B96-9F2D-B93BF0C243D7}.Debug|x64.Build.0 = Debug|Any CPU
		{00F96488-7B6D-4B96-9F2D-B93BF0C243D7}.Debug|x86.ActiveCfg = Debug|Any CPU
		{00F96488-7B6D-4B96-9F2D-B93BF0C243D7}.Debug|x86.Build.0 = Debug|Any CPU
		{00F96488-7B6D-4B96-9F2D-B93BF0C243D7}.Release|Any CPU.ActiveCfg = Release|Any CPU
		{00F96488-7B6D-4B96-9F2D-B93BF0C243D7}.Release|Any CPU.Build.0 = Release|Any CPU
		{00F96488-7B6D-4B96-9F2D-B93BF0C243D7}.Release|x64.ActiveCfg = Release|Any CPU
		{00F96488-7B6D-4B96-9F2D-B93BF0C243D7}.Release|x64.Build.0 = Release|Any CPU
		{00F96488-7B6D-4B96-9F2D-B93BF0C243D7}.Release|x86.ActiveCfg = Release|Any CPU
		{00F96488-7B6D-4B96-9F2D-B93BF0C243D7}.Release|x86.Build.0 = Release|Any CPU
	EndGlobalSection
	GlobalSection(NestedProjects) = preSolution
		{3AC9A680-B2D7-4911-9026-A7C6F747B2C0} = {45E6FAD0-CFB0-4273-B750-4D3057FFCF4B}
		{75E8471A-DD57-4B53-891C-99C522635489} = {45E6FAD0-CFB0-4273-B750-4D3057FFCF4B}
		{AFBE6B45-28CD-4A39-96D2-B3F71FAC559B} = {45E6FAD0-CFB0-4273-B750-4D3057FFCF4B}
		{4BD5882D-2C4D-4740-9354-242487ECBAA1} = {45E6FAD0-CFB0-4273-B750-4D3057FFCF4B}
		{00F96488-7B6D-4B96-9F2D-B93BF0C243D7} = {51F12929-9D4F-4182-A48B-6891F8367BFE}
	EndGlobalSection
EndGlobal
